// !$*UTF8*$!
{
	archiveVersion = 1;
	classes = {
	};
	objectVersion = 56;
	objects = {

/* Begin PBXBuildFile section */
		095934AF2901BE9600BF3A98 /* MyMasterCookApp.swift in Sources */ = {isa = PBXBuildFile; fileRef = 095934AE2901BE9600BF3A98 /* MyMasterCookApp.swift */; };
		095934B12901BE9600BF3A98 /* ContentView.swift in Sources */ = {isa = PBXBuildFile; fileRef = 095934B02901BE9600BF3A98 /* ContentView.swift */; };
		095934B32901BE9A00BF3A98 /* Assets.xcassets in Resources */ = {isa = PBXBuildFile; fileRef = 095934B22901BE9A00BF3A98 /* Assets.xcassets */; };
		095934B62901BE9A00BF3A98 /* Preview Assets.xcassets in Resources */ = {isa = PBXBuildFile; fileRef = 095934B52901BE9A00BF3A98 /* Preview Assets.xcassets */; };
		095934BD2901CBDA00BF3A98 /* Styles.swift in Sources */ = {isa = PBXBuildFile; fileRef = 095934BC2901CBDA00BF3A98 /* Styles.swift */; };
		095934C02901F45A00BF3A98 /* LoginView.swift in Sources */ = {isa = PBXBuildFile; fileRef = 095934BF2901F45A00BF3A98 /* LoginView.swift */; };
		095934C429021A4300BF3A98 /* Colors.swift in Sources */ = {isa = PBXBuildFile; fileRef = 095934C329021A4300BF3A98 /* Colors.swift */; };
		095934C829023C4100BF3A98 /* RegisterView.swift in Sources */ = {isa = PBXBuildFile; fileRef = 095934C729023C4100BF3A98 /* RegisterView.swift */; };
		096F712B2907768800B35636 /* User.swift in Sources */ = {isa = PBXBuildFile; fileRef = 096F712A2907768800B35636 /* User.swift */; };
		09C6AE5C290303F600A9CDF4 /* SearchView.swift in Sources */ = {isa = PBXBuildFile; fileRef = 09C6AE5B290303F600A9CDF4 /* SearchView.swift */; };
		09C6AE5E2903056600A9CDF4 /* MainTabView.swift in Sources */ = {isa = PBXBuildFile; fileRef = 09C6AE5D2903056600A9CDF4 /* MainTabView.swift */; };
		09C6AE60290306D200A9CDF4 /* HomeView.swift in Sources */ = {isa = PBXBuildFile; fileRef = 09C6AE5F290306D200A9CDF4 /* HomeView.swift */; };
		09C6AE622903078C00A9CDF4 /* FavoritesView.swift in Sources */ = {isa = PBXBuildFile; fileRef = 09C6AE612903078C00A9CDF4 /* FavoritesView.swift */; };
		09C6AE64290307A600A9CDF4 /* SettingsView.swift in Sources */ = {isa = PBXBuildFile; fileRef = 09C6AE63290307A600A9CDF4 /* SettingsView.swift */; };
		09D676752903AEDD00F6BE4F /* SettingLoginButton.swift in Sources */ = {isa = PBXBuildFile; fileRef = 09D676742903AEDD00F6BE4F /* SettingLoginButton.swift */; };
		09D676782903B1E300F6BE4F /* SettingsAboutButton.swift in Sources */ = {isa = PBXBuildFile; fileRef = 09D676772903B1E300F6BE4F /* SettingsAboutButton.swift */; };
		09D6767A2903B29E00F6BE4F /* SettingPrivacyButton.swift in Sources */ = {isa = PBXBuildFile; fileRef = 09D676792903B29E00F6BE4F /* SettingPrivacyButton.swift */; };
		09D6767C2903B2F800F6BE4F /* SettingLogOutButton.swift in Sources */ = {isa = PBXBuildFile; fileRef = 09D6767B2903B2F800F6BE4F /* SettingLogOutButton.swift */; };
		09D6767E2903B37400F6BE4F /* SettingDeleteAccountButton.swift in Sources */ = {isa = PBXBuildFile; fileRef = 09D6767D2903B37400F6BE4F /* SettingDeleteAccountButton.swift */; };
		09D676802903BDC200F6BE4F /* SingleRecipeView.swift in Sources */ = {isa = PBXBuildFile; fileRef = 09D6767F2903BDC200F6BE4F /* SingleRecipeView.swift */; };
		09D676822903C7CE00F6BE4F /* AboutView.swift in Sources */ = {isa = PBXBuildFile; fileRef = 09D676812903C7CE00F6BE4F /* AboutView.swift */; };
		09D676842903C7F100F6BE4F /* PrivacyView.swift in Sources */ = {isa = PBXBuildFile; fileRef = 09D676832903C7F100F6BE4F /* PrivacyView.swift */; };
		09F5B5EB2907CBD100AC434B /* TView.swift in Sources */ = {isa = PBXBuildFile; fileRef = 09F5B5EA2907CBD100AC434B /* TView.swift */; };
		09F5B5ED2908F94E00AC434B /* Utility.swift in Sources */ = {isa = PBXBuildFile; fileRef = 09F5B5EC2908F94E00AC434B /* Utility.swift */; };
		09F7B5C52905DA7500624256 /* GoogleService-Info.plist in Resources */ = {isa = PBXBuildFile; fileRef = 09F7B5C42905DA7500624256 /* GoogleService-Info.plist */; };
		09F7B5C72905DB0700624256 /* AppDelegate.swift in Sources */ = {isa = PBXBuildFile; fileRef = 09F7B5C62905DB0700624256 /* AppDelegate.swift */; };
		09F7B5C92906114500624256 /* Divider.swift in Sources */ = {isa = PBXBuildFile; fileRef = 09F7B5C82906114500624256 /* Divider.swift */; };
		09F7B5CB2906222000624256 /* About_MyMasterCook.txt in Resources */ = {isa = PBXBuildFile; fileRef = 09F7B5CA2906222000624256 /* About_MyMasterCook.txt */; };
		09F7B5CE290622AE00624256 /* LoadAboutText.swift in Sources */ = {isa = PBXBuildFile; fileRef = 09F7B5CD290622AE00624256 /* LoadAboutText.swift */; };
		09F7B5D1290623D300624256 /* AboutHeaderView.swift in Sources */ = {isa = PBXBuildFile; fileRef = 09F7B5D0290623D300624256 /* AboutHeaderView.swift */; };
		09F7B5D32906252100624256 /* AboutTextView.swift in Sources */ = {isa = PBXBuildFile; fileRef = 09F7B5D22906252100624256 /* AboutTextView.swift */; };
		09F7B5D52906409200624256 /* PrivacyViewModel.swift in Sources */ = {isa = PBXBuildFile; fileRef = 09F7B5D42906409200624256 /* PrivacyViewModel.swift */; };
		09F7B5D729065E0700624256 /* LoginButtonView.swift in Sources */ = {isa = PBXBuildFile; fileRef = 09F7B5D629065E0700624256 /* LoginButtonView.swift */; };
		09F7B5DA29065E6600624256 /* LogoView.swift in Sources */ = {isa = PBXBuildFile; fileRef = 09F7B5D929065E6600624256 /* LogoView.swift */; };
		09F7B5DC2906603900624256 /* GuestButtonView.swift in Sources */ = {isa = PBXBuildFile; fileRef = 09F7B5DB2906603900624256 /* GuestButtonView.swift */; };
		09F7B5DE290660FE00624256 /* EmailTextView.swift in Sources */ = {isa = PBXBuildFile; fileRef = 09F7B5DD290660FE00624256 /* EmailTextView.swift */; };
		09F7B5E02906613E00624256 /* PasswordTextView.swift in Sources */ = {isa = PBXBuildFile; fileRef = 09F7B5DF2906613E00624256 /* PasswordTextView.swift */; };
		09F7B5E229066C4700624256 /* RegisterButtonView.swift in Sources */ = {isa = PBXBuildFile; fileRef = 09F7B5E129066C4700624256 /* RegisterButtonView.swift */; };
		09F7B5E429066C6300624256 /* ForgotPasswordButtonView.swift in Sources */ = {isa = PBXBuildFile; fileRef = 09F7B5E329066C6300624256 /* ForgotPasswordButtonView.swift */; };
		F61659A8C7BC99CE4A50CCBB /* Pods_MyMasterCook.framework in Frameworks */ = {isa = PBXBuildFile; fileRef = 31C1149F79FA50ED5436AD24 /* Pods_MyMasterCook.framework */; };
/* End PBXBuildFile section */

/* Begin PBXFileReference section */
		095934AB2901BE9600BF3A98 /* MyMasterCook.app */ = {isa = PBXFileReference; explicitFileType = wrapper.application; includeInIndex = 0; path = MyMasterCook.app; sourceTree = BUILT_PRODUCTS_DIR; };
		095934AE2901BE9600BF3A98 /* MyMasterCookApp.swift */ = {isa = PBXFileReference; lastKnownFileType = sourcecode.swift; path = MyMasterCookApp.swift; sourceTree = "<group>"; };
		095934B02901BE9600BF3A98 /* ContentView.swift */ = {isa = PBXFileReference; lastKnownFileType = sourcecode.swift; path = ContentView.swift; sourceTree = "<group>"; };
		095934B22901BE9A00BF3A98 /* Assets.xcassets */ = {isa = PBXFileReference; lastKnownFileType = folder.assetcatalog; path = Assets.xcassets; sourceTree = "<group>"; };
		095934B52901BE9A00BF3A98 /* Preview Assets.xcassets */ = {isa = PBXFileReference; lastKnownFileType = folder.assetcatalog; path = "Preview Assets.xcassets"; sourceTree = "<group>"; };
		095934BC2901CBDA00BF3A98 /* Styles.swift */ = {isa = PBXFileReference; lastKnownFileType = sourcecode.swift; path = Styles.swift; sourceTree = "<group>"; };
		095934BF2901F45A00BF3A98 /* LoginView.swift */ = {isa = PBXFileReference; lastKnownFileType = sourcecode.swift; path = LoginView.swift; sourceTree = "<group>"; };
		095934C329021A4300BF3A98 /* Colors.swift */ = {isa = PBXFileReference; fileEncoding = 4; lastKnownFileType = sourcecode.swift; path = Colors.swift; sourceTree = "<group>"; };
		095934C729023C4100BF3A98 /* RegisterView.swift */ = {isa = PBXFileReference; lastKnownFileType = sourcecode.swift; path = RegisterView.swift; sourceTree = "<group>"; };
		096F712A2907768800B35636 /* User.swift */ = {isa = PBXFileReference; lastKnownFileType = sourcecode.swift; path = User.swift; sourceTree = "<group>"; };
		09C6AE5B290303F600A9CDF4 /* SearchView.swift */ = {isa = PBXFileReference; lastKnownFileType = sourcecode.swift; path = SearchView.swift; sourceTree = "<group>"; };
		09C6AE5D2903056600A9CDF4 /* MainTabView.swift */ = {isa = PBXFileReference; lastKnownFileType = sourcecode.swift; path = MainTabView.swift; sourceTree = "<group>"; };
		09C6AE5F290306D200A9CDF4 /* HomeView.swift */ = {isa = PBXFileReference; lastKnownFileType = sourcecode.swift; path = HomeView.swift; sourceTree = "<group>"; };
		09C6AE612903078C00A9CDF4 /* FavoritesView.swift */ = {isa = PBXFileReference; lastKnownFileType = sourcecode.swift; path = FavoritesView.swift; sourceTree = "<group>"; };
		09C6AE63290307A600A9CDF4 /* SettingsView.swift */ = {isa = PBXFileReference; lastKnownFileType = sourcecode.swift; path = SettingsView.swift; sourceTree = "<group>"; };
		09D676742903AEDD00F6BE4F /* SettingLoginButton.swift */ = {isa = PBXFileReference; lastKnownFileType = sourcecode.swift; path = SettingLoginButton.swift; sourceTree = "<group>"; };
		09D676772903B1E300F6BE4F /* SettingsAboutButton.swift */ = {isa = PBXFileReference; lastKnownFileType = sourcecode.swift; path = SettingsAboutButton.swift; sourceTree = "<group>"; };
		09D676792903B29E00F6BE4F /* SettingPrivacyButton.swift */ = {isa = PBXFileReference; lastKnownFileType = sourcecode.swift; path = SettingPrivacyButton.swift; sourceTree = "<group>"; };
		09D6767B2903B2F800F6BE4F /* SettingLogOutButton.swift */ = {isa = PBXFileReference; lastKnownFileType = sourcecode.swift; path = SettingLogOutButton.swift; sourceTree = "<group>"; };
		09D6767D2903B37400F6BE4F /* SettingDeleteAccountButton.swift */ = {isa = PBXFileReference; lastKnownFileType = sourcecode.swift; path = SettingDeleteAccountButton.swift; sourceTree = "<group>"; };
		09D6767F2903BDC200F6BE4F /* SingleRecipeView.swift */ = {isa = PBXFileReference; lastKnownFileType = sourcecode.swift; path = SingleRecipeView.swift; sourceTree = "<group>"; };
		09D676812903C7CE00F6BE4F /* AboutView.swift */ = {isa = PBXFileReference; lastKnownFileType = sourcecode.swift; path = AboutView.swift; sourceTree = "<group>"; };
		09D676832903C7F100F6BE4F /* PrivacyView.swift */ = {isa = PBXFileReference; lastKnownFileType = sourcecode.swift; path = PrivacyView.swift; sourceTree = "<group>"; };
		09F5B5EA2907CBD100AC434B /* TView.swift */ = {isa = PBXFileReference; lastKnownFileType = sourcecode.swift; path = TView.swift; sourceTree = "<group>"; };
		09F5B5EC2908F94E00AC434B /* Utility.swift */ = {isa = PBXFileReference; lastKnownFileType = sourcecode.swift; path = Utility.swift; sourceTree = "<group>"; };
		09F7B5C42905DA7500624256 /* GoogleService-Info.plist */ = {isa = PBXFileReference; fileEncoding = 4; lastKnownFileType = text.plist.xml; path = "GoogleService-Info.plist"; sourceTree = "<group>"; };
		09F7B5C62905DB0700624256 /* AppDelegate.swift */ = {isa = PBXFileReference; lastKnownFileType = sourcecode.swift; path = AppDelegate.swift; sourceTree = "<group>"; };
		09F7B5C82906114500624256 /* Divider.swift */ = {isa = PBXFileReference; lastKnownFileType = sourcecode.swift; path = Divider.swift; sourceTree = "<group>"; };
		09F7B5CA2906222000624256 /* About_MyMasterCook.txt */ = {isa = PBXFileReference; fileEncoding = 4; lastKnownFileType = text; path = About_MyMasterCook.txt; sourceTree = "<group>"; };
		09F7B5CD290622AE00624256 /* LoadAboutText.swift */ = {isa = PBXFileReference; lastKnownFileType = sourcecode.swift; path = LoadAboutText.swift; sourceTree = "<group>"; };
		09F7B5D0290623D300624256 /* AboutHeaderView.swift */ = {isa = PBXFileReference; lastKnownFileType = sourcecode.swift; path = AboutHeaderView.swift; sourceTree = "<group>"; };
		09F7B5D22906252100624256 /* AboutTextView.swift */ = {isa = PBXFileReference; lastKnownFileType = sourcecode.swift; path = AboutTextView.swift; sourceTree = "<group>"; };
		09F7B5D42906409200624256 /* PrivacyViewModel.swift */ = {isa = PBXFileReference; lastKnownFileType = sourcecode.swift; path = PrivacyViewModel.swift; sourceTree = "<group>"; };
		09F7B5D629065E0700624256 /* LoginButtonView.swift */ = {isa = PBXFileReference; lastKnownFileType = sourcecode.swift; path = LoginButtonView.swift; sourceTree = "<group>"; };
		09F7B5D929065E6600624256 /* LogoView.swift */ = {isa = PBXFileReference; lastKnownFileType = sourcecode.swift; path = LogoView.swift; sourceTree = "<group>"; };
		09F7B5DB2906603900624256 /* GuestButtonView.swift */ = {isa = PBXFileReference; lastKnownFileType = sourcecode.swift; path = GuestButtonView.swift; sourceTree = "<group>"; };
		09F7B5DD290660FE00624256 /* EmailTextView.swift */ = {isa = PBXFileReference; lastKnownFileType = sourcecode.swift; path = EmailTextView.swift; sourceTree = "<group>"; };
		09F7B5DF2906613E00624256 /* PasswordTextView.swift */ = {isa = PBXFileReference; lastKnownFileType = sourcecode.swift; path = PasswordTextView.swift; sourceTree = "<group>"; };
		09F7B5E129066C4700624256 /* RegisterButtonView.swift */ = {isa = PBXFileReference; lastKnownFileType = sourcecode.swift; path = RegisterButtonView.swift; sourceTree = "<group>"; };
		09F7B5E329066C6300624256 /* ForgotPasswordButtonView.swift */ = {isa = PBXFileReference; lastKnownFileType = sourcecode.swift; path = ForgotPasswordButtonView.swift; sourceTree = "<group>"; };
		1F889E78478CB1863A683B1C /* Pods-MyMasterCook.release.xcconfig */ = {isa = PBXFileReference; includeInIndex = 1; lastKnownFileType = text.xcconfig; name = "Pods-MyMasterCook.release.xcconfig"; path = "Target Support Files/Pods-MyMasterCook/Pods-MyMasterCook.release.xcconfig"; sourceTree = "<group>"; };
		31C1149F79FA50ED5436AD24 /* Pods_MyMasterCook.framework */ = {isa = PBXFileReference; explicitFileType = wrapper.framework; includeInIndex = 0; path = Pods_MyMasterCook.framework; sourceTree = BUILT_PRODUCTS_DIR; };
		9A01229FCD2D5ACD3F38DF73 /* Pods-MyMasterCook.debug.xcconfig */ = {isa = PBXFileReference; includeInIndex = 1; lastKnownFileType = text.xcconfig; name = "Pods-MyMasterCook.debug.xcconfig"; path = "Target Support Files/Pods-MyMasterCook/Pods-MyMasterCook.debug.xcconfig"; sourceTree = "<group>"; };
/* End PBXFileReference section */

/* Begin PBXFrameworksBuildPhase section */
		095934A82901BE9600BF3A98 /* Frameworks */ = {
			isa = PBXFrameworksBuildPhase;
			buildActionMask = 2147483647;
			files = (
				F61659A8C7BC99CE4A50CCBB /* Pods_MyMasterCook.framework in Frameworks */,
			);
			runOnlyForDeploymentPostprocessing = 0;
		};
/* End PBXFrameworksBuildPhase section */

/* Begin PBXGroup section */
		095934A22901BE9600BF3A98 = {
			isa = PBXGroup;
			children = (
				095934AD2901BE9600BF3A98 /* MyMasterCook */,
				095934AC2901BE9600BF3A98 /* Products */,
				47492FBB7233698ACBBB9E47 /* Pods */,
				E4CC8C35CDAC9423ADFBF36E /* Frameworks */,
			);
			sourceTree = "<group>";
		};
		095934AC2901BE9600BF3A98 /* Products */ = {
			isa = PBXGroup;
			children = (
				095934AB2901BE9600BF3A98 /* MyMasterCook.app */,
			);
			name = Products;
			sourceTree = "<group>";
		};
		095934AD2901BE9600BF3A98 /* MyMasterCook */ = {
			isa = PBXGroup;
			children = (
				095934AE2901BE9600BF3A98 /* MyMasterCookApp.swift */,
				09F7B5C62905DB0700624256 /* AppDelegate.swift */,
				09D676732903AEAF00F6BE4F /* ViewModels */,
				095934C629023AD500BF3A98 /* Model */,
				095934BE2901CCF900BF3A98 /* Utility */,
				095934C529023AA100BF3A98 /* Views */,
				09F7B5CC2906227C00624256 /* Services */,
				095934B22901BE9A00BF3A98 /* Assets.xcassets */,
				09F7B5C42905DA7500624256 /* GoogleService-Info.plist */,
				095934B42901BE9A00BF3A98 /* Preview Content */,
			);
			path = MyMasterCook;
			sourceTree = "<group>";
		};
		095934B42901BE9A00BF3A98 /* Preview Content */ = {
			isa = PBXGroup;
			children = (
				095934B52901BE9A00BF3A98 /* Preview Assets.xcassets */,
			);
			path = "Preview Content";
			sourceTree = "<group>";
		};
		095934BE2901CCF900BF3A98 /* Utility */ = {
			isa = PBXGroup;
			children = (
				09F7B5CA2906222000624256 /* About_MyMasterCook.txt */,
				095934BC2901CBDA00BF3A98 /* Styles.swift */,
				095934C329021A4300BF3A98 /* Colors.swift */,
				09F5B5EC2908F94E00AC434B /* Utility.swift */,
			);
			path = Utility;
			sourceTree = "<group>";
		};
		095934C529023AA100BF3A98 /* Views */ = {
			isa = PBXGroup;
			children = (
				095934B02901BE9600BF3A98 /* ContentView.swift */,
				095934BF2901F45A00BF3A98 /* LoginView.swift */,
				095934C729023C4100BF3A98 /* RegisterView.swift */,
				09C6AE5B290303F600A9CDF4 /* SearchView.swift */,
				09C6AE5F290306D200A9CDF4 /* HomeView.swift */,
				09C6AE612903078C00A9CDF4 /* FavoritesView.swift */,
				09C6AE63290307A600A9CDF4 /* SettingsView.swift */,
				09D6767F2903BDC200F6BE4F /* SingleRecipeView.swift */,
				09D676812903C7CE00F6BE4F /* AboutView.swift */,
				09D676832903C7F100F6BE4F /* PrivacyView.swift */,
				09F7B5C82906114500624256 /* Divider.swift */,
			);
			path = Views;
			sourceTree = "<group>";
		};
		095934C629023AD500BF3A98 /* Model */ = {
			isa = PBXGroup;
			children = (
				096F712A2907768800B35636 /* User.swift */,
			);
			path = Model;
			sourceTree = "<group>";
		};
		09D676732903AEAF00F6BE4F /* ViewModels */ = {
			isa = PBXGroup;
			children = (
				09F5B5EA2907CBD100AC434B /* TView.swift */,
				09C6AE5D2903056600A9CDF4 /* MainTabView.swift */,
				09F7B5D42906409200624256 /* PrivacyViewModel.swift */,
				09F7B5CF290623A400624256 /* AboutViewModels */,
				09D676762903B17200F6BE4F /* SettingsViewModels */,
				09F7B5D829065E0D00624256 /* LoginViewModels */,
			);
			path = ViewModels;
			sourceTree = "<group>";
		};
		09D676762903B17200F6BE4F /* SettingsViewModels */ = {
			isa = PBXGroup;
			children = (
				09D676742903AEDD00F6BE4F /* SettingLoginButton.swift */,
				09D676772903B1E300F6BE4F /* SettingsAboutButton.swift */,
				09D676792903B29E00F6BE4F /* SettingPrivacyButton.swift */,
				09D6767B2903B2F800F6BE4F /* SettingLogOutButton.swift */,
				09D6767D2903B37400F6BE4F /* SettingDeleteAccountButton.swift */,
			);
			path = SettingsViewModels;
			sourceTree = "<group>";
		};
		09F7B5CC2906227C00624256 /* Services */ = {
			isa = PBXGroup;
			children = (
				09F7B5CD290622AE00624256 /* LoadAboutText.swift */,
			);
			path = Services;
			sourceTree = "<group>";
		};
		09F7B5CF290623A400624256 /* AboutViewModels */ = {
			isa = PBXGroup;
			children = (
				09F7B5D0290623D300624256 /* AboutHeaderView.swift */,
				09F7B5D22906252100624256 /* AboutTextView.swift */,
			);
			path = AboutViewModels;
			sourceTree = "<group>";
		};
		09F7B5D829065E0D00624256 /* LoginViewModels */ = {
			isa = PBXGroup;
			children = (
				09F7B5D629065E0700624256 /* LoginButtonView.swift */,
				09F7B5D929065E6600624256 /* LogoView.swift */,
				09F7B5DB2906603900624256 /* GuestButtonView.swift */,
				09F7B5DD290660FE00624256 /* EmailTextView.swift */,
				09F7B5DF2906613E00624256 /* PasswordTextView.swift */,
				09F7B5E129066C4700624256 /* RegisterButtonView.swift */,
				09F7B5E329066C6300624256 /* ForgotPasswordButtonView.swift */,
			);
			path = LoginViewModels;
			sourceTree = "<group>";
		};
		47492FBB7233698ACBBB9E47 /* Pods */ = {
			isa = PBXGroup;
			children = (
				9A01229FCD2D5ACD3F38DF73 /* Pods-MyMasterCook.debug.xcconfig */,
				1F889E78478CB1863A683B1C /* Pods-MyMasterCook.release.xcconfig */,
			);
			path = Pods;
			sourceTree = "<group>";
		};
		E4CC8C35CDAC9423ADFBF36E /* Frameworks */ = {
			isa = PBXGroup;
			children = (
				31C1149F79FA50ED5436AD24 /* Pods_MyMasterCook.framework */,
			);
			name = Frameworks;
			sourceTree = "<group>";
		};
/* End PBXGroup section */

/* Begin PBXNativeTarget section */
		095934AA2901BE9600BF3A98 /* MyMasterCook */ = {
			isa = PBXNativeTarget;
			buildConfigurationList = 095934B92901BE9A00BF3A98 /* Build configuration list for PBXNativeTarget "MyMasterCook" */;
			buildPhases = (
				1B0420747E2C7B0E3FC3A418 /* [CP] Check Pods Manifest.lock */,
				095934A72901BE9600BF3A98 /* Sources */,
				095934A82901BE9600BF3A98 /* Frameworks */,
				095934A92901BE9600BF3A98 /* Resources */,
				5584543CB2FDF391E4567F80 /* [CP] Embed Pods Frameworks */,
			);
			buildRules = (
			);
			dependencies = (
			);
			name = MyMasterCook;
			productName = MyMasterCook;
			productReference = 095934AB2901BE9600BF3A98 /* MyMasterCook.app */;
			productType = "com.apple.product-type.application";
		};
/* End PBXNativeTarget section */

/* Begin PBXProject section */
		095934A32901BE9600BF3A98 /* Project object */ = {
			isa = PBXProject;
			attributes = {
				BuildIndependentTargetsInParallel = 1;
				LastSwiftUpdateCheck = 1400;
				LastUpgradeCheck = 1400;
				TargetAttributes = {
					095934AA2901BE9600BF3A98 = {
						CreatedOnToolsVersion = 14.0.1;
					};
				};
			};
			buildConfigurationList = 095934A62901BE9600BF3A98 /* Build configuration list for PBXProject "MyMasterCook" */;
			compatibilityVersion = "Xcode 14.0";
			developmentRegion = en;
			hasScannedForEncodings = 0;
			knownRegions = (
				en,
				Base,
			);
			mainGroup = 095934A22901BE9600BF3A98;
			productRefGroup = 095934AC2901BE9600BF3A98 /* Products */;
			projectDirPath = "";
			projectRoot = "";
			targets = (
				095934AA2901BE9600BF3A98 /* MyMasterCook */,
			);
		};
/* End PBXProject section */

/* Begin PBXResourcesBuildPhase section */
		095934A92901BE9600BF3A98 /* Resources */ = {
			isa = PBXResourcesBuildPhase;
			buildActionMask = 2147483647;
			files = (
				09F7B5CB2906222000624256 /* About_MyMasterCook.txt in Resources */,
				095934B62901BE9A00BF3A98 /* Preview Assets.xcassets in Resources */,
				095934B32901BE9A00BF3A98 /* Assets.xcassets in Resources */,
				09F7B5C52905DA7500624256 /* GoogleService-Info.plist in Resources */,
			);
			runOnlyForDeploymentPostprocessing = 0;
		};
/* End PBXResourcesBuildPhase section */

/* Begin PBXShellScriptBuildPhase section */
		1B0420747E2C7B0E3FC3A418 /* [CP] Check Pods Manifest.lock */ = {
			isa = PBXShellScriptBuildPhase;
			buildActionMask = 2147483647;
			files = (
			);
			inputFileListPaths = (
			);
			inputPaths = (
				"${PODS_PODFILE_DIR_PATH}/Podfile.lock",
				"${PODS_ROOT}/Manifest.lock",
			);
			name = "[CP] Check Pods Manifest.lock";
			outputFileListPaths = (
			);
			outputPaths = (
				"$(DERIVED_FILE_DIR)/Pods-MyMasterCook-checkManifestLockResult.txt",
			);
			runOnlyForDeploymentPostprocessing = 0;
			shellPath = /bin/sh;
			shellScript = "diff \"${PODS_PODFILE_DIR_PATH}/Podfile.lock\" \"${PODS_ROOT}/Manifest.lock\" > /dev/null\nif [ $? != 0 ] ; then\n    # print error to STDERR\n    echo \"error: The sandbox is not in sync with the Podfile.lock. Run 'pod install' or update your CocoaPods installation.\" >&2\n    exit 1\nfi\n# This output is used by Xcode 'outputs' to avoid re-running this script phase.\necho \"SUCCESS\" > \"${SCRIPT_OUTPUT_FILE_0}\"\n";
			showEnvVarsInLog = 0;
		};
		5584543CB2FDF391E4567F80 /* [CP] Embed Pods Frameworks */ = {
			isa = PBXShellScriptBuildPhase;
			buildActionMask = 2147483647;
			files = (
			);
			inputFileListPaths = (
				"${PODS_ROOT}/Target Support Files/Pods-MyMasterCook/Pods-MyMasterCook-frameworks-${CONFIGURATION}-input-files.xcfilelist",
			);
			name = "[CP] Embed Pods Frameworks";
			outputFileListPaths = (
				"${PODS_ROOT}/Target Support Files/Pods-MyMasterCook/Pods-MyMasterCook-frameworks-${CONFIGURATION}-output-files.xcfilelist",
			);
			runOnlyForDeploymentPostprocessing = 0;
			shellPath = /bin/sh;
			shellScript = "\"${PODS_ROOT}/Target Support Files/Pods-MyMasterCook/Pods-MyMasterCook-frameworks.sh\"\n";
			showEnvVarsInLog = 0;
		};
/* End PBXShellScriptBuildPhase section */

/* Begin PBXSourcesBuildPhase section */
		095934A72901BE9600BF3A98 /* Sources */ = {
			isa = PBXSourcesBuildPhase;
			buildActionMask = 2147483647;
			files = (
				09C6AE622903078C00A9CDF4 /* FavoritesView.swift in Sources */,
				09F7B5DA29065E6600624256 /* LogoView.swift in Sources */,
				09D6767C2903B2F800F6BE4F /* SettingLogOutButton.swift in Sources */,
				09C6AE60290306D200A9CDF4 /* HomeView.swift in Sources */,
				09F7B5C92906114500624256 /* Divider.swift in Sources */,
				095934BD2901CBDA00BF3A98 /* Styles.swift in Sources */,
				09D676822903C7CE00F6BE4F /* AboutView.swift in Sources */,
				09F7B5DE290660FE00624256 /* EmailTextView.swift in Sources */,
				09F7B5D729065E0700624256 /* LoginButtonView.swift in Sources */,
				095934C429021A4300BF3A98 /* Colors.swift in Sources */,
				095934B12901BE9600BF3A98 /* ContentView.swift in Sources */,
				09D6767A2903B29E00F6BE4F /* SettingPrivacyButton.swift in Sources */,
				09F7B5D32906252100624256 /* AboutTextView.swift in Sources */,
				09F7B5C72905DB0700624256 /* AppDelegate.swift in Sources */,
				09C6AE5E2903056600A9CDF4 /* MainTabView.swift in Sources */,
				09C6AE5C290303F600A9CDF4 /* SearchView.swift in Sources */,
				09F7B5E229066C4700624256 /* RegisterButtonView.swift in Sources */,
				095934C829023C4100BF3A98 /* RegisterView.swift in Sources */,
				09D6767E2903B37400F6BE4F /* SettingDeleteAccountButton.swift in Sources */,
				09F5B5ED2908F94E00AC434B /* Utility.swift in Sources */,
				09F7B5CE290622AE00624256 /* LoadAboutText.swift in Sources */,
				09F5B5EB2907CBD100AC434B /* TView.swift in Sources */,
				09F7B5E429066C6300624256 /* ForgotPasswordButtonView.swift in Sources */,
				095934C02901F45A00BF3A98 /* LoginView.swift in Sources */,
				09F7B5D1290623D300624256 /* AboutHeaderView.swift in Sources */,
				096F712B2907768800B35636 /* User.swift in Sources */,
				095934AF2901BE9600BF3A98 /* MyMasterCookApp.swift in Sources */,
				09D676752903AEDD00F6BE4F /* SettingLoginButton.swift in Sources */,
				09D676842903C7F100F6BE4F /* PrivacyView.swift in Sources */,
				09D676782903B1E300F6BE4F /* SettingsAboutButton.swift in Sources */,
				09C6AE64290307A600A9CDF4 /* SettingsView.swift in Sources */,
				09F7B5E02906613E00624256 /* PasswordTextView.swift in Sources */,
				09F7B5D52906409200624256 /* PrivacyViewModel.swift in Sources */,
				09D676802903BDC200F6BE4F /* SingleRecipeView.swift in Sources */,
				09F7B5DC2906603900624256 /* GuestButtonView.swift in Sources */,
			);
			runOnlyForDeploymentPostprocessing = 0;
		};
/* End PBXSourcesBuildPhase section */

/* Begin XCBuildConfiguration section */
		095934B72901BE9A00BF3A98 /* Debug */ = {
			isa = XCBuildConfiguration;
			buildSettings = {
				ALWAYS_SEARCH_USER_PATHS = NO;
				CLANG_ANALYZER_NONNULL = YES;
				CLANG_ANALYZER_NUMBER_OBJECT_CONVERSION = YES_AGGRESSIVE;
				CLANG_CXX_LANGUAGE_STANDARD = "gnu++20";
				CLANG_ENABLE_MODULES = YES;
				CLANG_ENABLE_OBJC_ARC = YES;
				CLANG_ENABLE_OBJC_WEAK = YES;
				CLANG_WARN_BLOCK_CAPTURE_AUTORELEASING = YES;
				CLANG_WARN_BOOL_CONVERSION = YES;
				CLANG_WARN_COMMA = YES;
				CLANG_WARN_CONSTANT_CONVERSION = YES;
				CLANG_WARN_DEPRECATED_OBJC_IMPLEMENTATIONS = YES;
				CLANG_WARN_DIRECT_OBJC_ISA_USAGE = YES_ERROR;
				CLANG_WARN_DOCUMENTATION_COMMENTS = YES;
				CLANG_WARN_EMPTY_BODY = YES;
				CLANG_WARN_ENUM_CONVERSION = YES;
				CLANG_WARN_INFINITE_RECURSION = YES;
				CLANG_WARN_INT_CONVERSION = YES;
				CLANG_WARN_NON_LITERAL_NULL_CONVERSION = YES;
				CLANG_WARN_OBJC_IMPLICIT_RETAIN_SELF = YES;
				CLANG_WARN_OBJC_LITERAL_CONVERSION = YES;
				CLANG_WARN_OBJC_ROOT_CLASS = YES_ERROR;
				CLANG_WARN_QUOTED_INCLUDE_IN_FRAMEWORK_HEADER = YES;
				CLANG_WARN_RANGE_LOOP_ANALYSIS = YES;
				CLANG_WARN_STRICT_PROTOTYPES = YES;
				CLANG_WARN_SUSPICIOUS_MOVE = YES;
				CLANG_WARN_UNGUARDED_AVAILABILITY = YES_AGGRESSIVE;
				CLANG_WARN_UNREACHABLE_CODE = YES;
				CLANG_WARN__DUPLICATE_METHOD_MATCH = YES;
				COPY_PHASE_STRIP = NO;
				DEBUG_INFORMATION_FORMAT = dwarf;
				ENABLE_STRICT_OBJC_MSGSEND = YES;
				ENABLE_TESTABILITY = YES;
				GCC_C_LANGUAGE_STANDARD = gnu11;
				GCC_DYNAMIC_NO_PIC = NO;
				GCC_NO_COMMON_BLOCKS = YES;
				GCC_OPTIMIZATION_LEVEL = 0;
				GCC_PREPROCESSOR_DEFINITIONS = (
					"DEBUG=1",
					"$(inherited)",
				);
				GCC_WARN_64_TO_32_BIT_CONVERSION = YES;
				GCC_WARN_ABOUT_RETURN_TYPE = YES_ERROR;
				GCC_WARN_UNDECLARED_SELECTOR = YES;
				GCC_WARN_UNINITIALIZED_AUTOS = YES_AGGRESSIVE;
				GCC_WARN_UNUSED_FUNCTION = YES;
				GCC_WARN_UNUSED_VARIABLE = YES;
				IPHONEOS_DEPLOYMENT_TARGET = 16.0;
				MTL_ENABLE_DEBUG_INFO = INCLUDE_SOURCE;
				MTL_FAST_MATH = YES;
				ONLY_ACTIVE_ARCH = YES;
				SDKROOT = iphoneos;
				SWIFT_ACTIVE_COMPILATION_CONDITIONS = DEBUG;
				SWIFT_OPTIMIZATION_LEVEL = "-Onone";
			};
			name = Debug;
		};
		095934B82901BE9A00BF3A98 /* Release */ = {
			isa = XCBuildConfiguration;
			buildSettings = {
				ALWAYS_SEARCH_USER_PATHS = NO;
				CLANG_ANALYZER_NONNULL = YES;
				CLANG_ANALYZER_NUMBER_OBJECT_CONVERSION = YES_AGGRESSIVE;
				CLANG_CXX_LANGUAGE_STANDARD = "gnu++20";
				CLANG_ENABLE_MODULES = YES;
				CLANG_ENABLE_OBJC_ARC = YES;
				CLANG_ENABLE_OBJC_WEAK = YES;
				CLANG_WARN_BLOCK_CAPTURE_AUTORELEASING = YES;
				CLANG_WARN_BOOL_CONVERSION = YES;
				CLANG_WARN_COMMA = YES;
				CLANG_WARN_CONSTANT_CONVERSION = YES;
				CLANG_WARN_DEPRECATED_OBJC_IMPLEMENTATIONS = YES;
				CLANG_WARN_DIRECT_OBJC_ISA_USAGE = YES_ERROR;
				CLANG_WARN_DOCUMENTATION_COMMENTS = YES;
				CLANG_WARN_EMPTY_BODY = YES;
				CLANG_WARN_ENUM_CONVERSION = YES;
				CLANG_WARN_INFINITE_RECURSION = YES;
				CLANG_WARN_INT_CONVERSION = YES;
				CLANG_WARN_NON_LITERAL_NULL_CONVERSION = YES;
				CLANG_WARN_OBJC_IMPLICIT_RETAIN_SELF = YES;
				CLANG_WARN_OBJC_LITERAL_CONVERSION = YES;
				CLANG_WARN_OBJC_ROOT_CLASS = YES_ERROR;
				CLANG_WARN_QUOTED_INCLUDE_IN_FRAMEWORK_HEADER = YES;
				CLANG_WARN_RANGE_LOOP_ANALYSIS = YES;
				CLANG_WARN_STRICT_PROTOTYPES = YES;
				CLANG_WARN_SUSPICIOUS_MOVE = YES;
				CLANG_WARN_UNGUARDED_AVAILABILITY = YES_AGGRESSIVE;
				CLANG_WARN_UNREACHABLE_CODE = YES;
				CLANG_WARN__DUPLICATE_METHOD_MATCH = YES;
				COPY_PHASE_STRIP = NO;
				DEBUG_INFORMATION_FORMAT = "dwarf-with-dsym";
				ENABLE_NS_ASSERTIONS = NO;
				ENABLE_STRICT_OBJC_MSGSEND = YES;
				GCC_C_LANGUAGE_STANDARD = gnu11;
				GCC_NO_COMMON_BLOCKS = YES;
				GCC_WARN_64_TO_32_BIT_CONVERSION = YES;
				GCC_WARN_ABOUT_RETURN_TYPE = YES_ERROR;
				GCC_WARN_UNDECLARED_SELECTOR = YES;
				GCC_WARN_UNINITIALIZED_AUTOS = YES_AGGRESSIVE;
				GCC_WARN_UNUSED_FUNCTION = YES;
				GCC_WARN_UNUSED_VARIABLE = YES;
				IPHONEOS_DEPLOYMENT_TARGET = 16.0;
				MTL_ENABLE_DEBUG_INFO = NO;
				MTL_FAST_MATH = YES;
				SDKROOT = iphoneos;
				SWIFT_COMPILATION_MODE = wholemodule;
				SWIFT_OPTIMIZATION_LEVEL = "-O";
				VALIDATE_PRODUCT = YES;
			};
			name = Release;
		};
		095934BA2901BE9A00BF3A98 /* Debug */ = {
			isa = XCBuildConfiguration;
			baseConfigurationReference = 9A01229FCD2D5ACD3F38DF73 /* Pods-MyMasterCook.debug.xcconfig */;
			buildSettings = {
				ASSETCATALOG_COMPILER_APPICON_NAME = AppIcon;
				ASSETCATALOG_COMPILER_GLOBAL_ACCENT_COLOR_NAME = AccentColor;
				CODE_SIGN_STYLE = Automatic;
				CURRENT_PROJECT_VERSION = 1;
				DEVELOPMENT_ASSET_PATHS = "\"MyMasterCook/Preview Content\"";
				DEVELOPMENT_TEAM = D2C435SLPG;
				ENABLE_PREVIEWS = YES;
				GENERATE_INFOPLIST_FILE = YES;
				INFOPLIST_KEY_LSApplicationCategoryType = "public.app-category.food-and-drink";
				INFOPLIST_KEY_UIApplicationSceneManifest_Generation = YES;
				INFOPLIST_KEY_UIApplicationSupportsIndirectInputEvents = YES;
				INFOPLIST_KEY_UILaunchScreen_Generation = YES;
				INFOPLIST_KEY_UIRequiresFullScreen = NO;
				INFOPLIST_KEY_UIStatusBarStyle = "";
				INFOPLIST_KEY_UISupportedInterfaceOrientations = UIInterfaceOrientationPortrait;
				LD_RUNPATH_SEARCH_PATHS = (
					"$(inherited)",
					"@executable_path/Frameworks",
				);
				MARKETING_VERSION = 4.0;
				PRODUCT_BUNDLE_IDENTIFIER = ca.vgstudio.MasterCook;
				PRODUCT_NAME = "$(TARGET_NAME)";
				SUPPORTED_PLATFORMS = "iphoneos iphonesimulator";
				SUPPORTS_MACCATALYST = NO;
				SUPPORTS_MAC_DESIGNED_FOR_IPHONE_IPAD = NO;
				SWIFT_EMIT_LOC_STRINGS = YES;
				SWIFT_VERSION = 5.0;
				TARGETED_DEVICE_FAMILY = "1,2";
			};
			name = Debug;
		};
		095934BB2901BE9A00BF3A98 /* Release */ = {
			isa = XCBuildConfiguration;
			baseConfigurationReference = 1F889E78478CB1863A683B1C /* Pods-MyMasterCook.release.xcconfig */;
			buildSettings = {
				ASSETCATALOG_COMPILER_APPICON_NAME = AppIcon;
				ASSETCATALOG_COMPILER_GLOBAL_ACCENT_COLOR_NAME = AccentColor;
				CODE_SIGN_STYLE = Automatic;
				CURRENT_PROJECT_VERSION = 1;
				DEVELOPMENT_ASSET_PATHS = "\"MyMasterCook/Preview Content\"";
				DEVELOPMENT_TEAM = D2C435SLPG;
				ENABLE_PREVIEWS = YES;
				GENERATE_INFOPLIST_FILE = YES;
				INFOPLIST_KEY_LSApplicationCategoryType = "public.app-category.food-and-drink";
				INFOPLIST_KEY_UIApplicationSceneManifest_Generation = YES;
				INFOPLIST_KEY_UIApplicationSupportsIndirectInputEvents = YES;
				INFOPLIST_KEY_UILaunchScreen_Generation = YES;
				INFOPLIST_KEY_UIRequiresFullScreen = NO;
				INFOPLIST_KEY_UIStatusBarStyle = "";
				INFOPLIST_KEY_UISupportedInterfaceOrientations = UIInterfaceOrientationPortrait;
				LD_RUNPATH_SEARCH_PATHS = (
					"$(inherited)",
					"@executable_path/Frameworks",
				);
				MARKETING_VERSION = 4.0;
				PRODUCT_BUNDLE_IDENTIFIER = ca.vgstudio.MasterCook;
				PRODUCT_NAME = "$(TARGET_NAME)";
				SUPPORTED_PLATFORMS = "iphoneos iphonesimulator";
				SUPPORTS_MACCATALYST = NO;
				SUPPORTS_MAC_DESIGNED_FOR_IPHONE_IPAD = NO;
				SWIFT_EMIT_LOC_STRINGS = YES;
				SWIFT_VERSION = 5.0;
				TARGETED_DEVICE_FAMILY = "1,2";
			};
			name = Release;
		};
/* End XCBuildConfiguration section */

/* Begin XCConfigurationList section */
		095934A62901BE9600BF3A98 /* Build configuration list for PBXProject "MyMasterCook" */ = {
			isa = XCConfigurationList;
			buildConfigurations = (
				095934B72901BE9A00BF3A98 /* Debug */,
				095934B82901BE9A00BF3A98 /* Release */,
			);
			defaultConfigurationIsVisible = 0;
			defaultConfigurationName = Release;
		};
		095934B92901BE9A00BF3A98 /* Build configuration list for PBXNativeTarget "MyMasterCook" */ = {
			isa = XCConfigurationList;
			buildConfigurations = (
				095934BA2901BE9A00BF3A98 /* Debug */,
				095934BB2901BE9A00BF3A98 /* Release */,
			);
			defaultConfigurationIsVisible = 0;
			defaultConfigurationName = Release;
		};
/* End XCConfigurationList section */
	};
	rootObject = 095934A32901BE9600BF3A98 /* Project object */;
}
